
Microsoft Visual Studio Solution File, Format Version 12.00
# Visual Studio Version 17
VisualStudioVersion = 17.4.33103.184
MinimumVisualStudioVersion = 10.0.40219.1
Project("{FAE04EC0-301F-11D3-BF4B-00C04F79EFBC}") = "SimpleCalculate - 1010", "SimpleCalculate - 1010\SimpleCalculate - 1010.csproj", "{62114F06-0A42-4B88-99FA-D96AC05B3A9C}"
EndProject
Global
	GlobalSection(SolutionConfigurationPlatforms) = preSolution
		Debug|Any CPU = Debug|Any CPU
		Release|Any CPU = Release|Any CPU
	EndGlobalSection
	GlobalSection(ProjectConfigurationPlatforms) = postSolution
		{62114F06-0A42-4B88-99FA-D96AC05B3A9C}.Debug|Any CPU.ActiveCfg = Debug|Any CPU
		{62114F06-0A42-4B88-99FA-D96AC05B3A9C}.Debug|Any CPU.Build.0 = Debug|Any CPU
		{62114F06-0A42-4B88-99FA-D96AC05B3A9C}.Release|Any CPU.ActiveCfg = Release|Any CPU
		{62114F06-0A42-4B88-99FA-D96AC05B3A9C}.Release|Any CPU.Build.0 = Release|Any CPU
	EndGlobalSection
	GlobalSection(SolutionProperties) = preSolution
		HideSolutionNode = FALSE
	EndGlobalSection
	GlobalSection(ExtensibilityGlobals) = postSolution
		SolutionGuid = {63A40FB5-1F2A-477D-B856-8E3AD8F0BCCD}
	EndGlobalSection
EndGlobal
