
Microsoft Visual Studio Solution File, Format Version 12.00
# Visual Studio Version 17
VisualStudioVersion = 17.4.33103.184
MinimumVisualStudioVersion = 10.0.40219.1
Project("{FAE04EC0-301F-11D3-BF4B-00C04F79EFBC}") = "MultiplicationTable_1078", "MultiplicationTable_1078\MultiplicationTable_1078.csproj", "{5A782389-2EFC-4A1B-BB3D-81E80E964C9B}"
EndProject
Global
	GlobalSection(SolutionConfigurationPlatforms) = preSolution
		Debug|Any CPU = Debug|Any CPU
		Release|Any CPU = Release|Any CPU
	EndGlobalSection
	GlobalSection(ProjectConfigurationPlatforms) = postSolution
		{5A782389-2EFC-4A1B-BB3D-81E80E964C9B}.Debug|Any CPU.ActiveCfg = Debug|Any CPU
		{5A782389-2EFC-4A1B-BB3D-81E80E964C9B}.Debug|Any CPU.Build.0 = Debug|Any CPU
		{5A782389-2EFC-4A1B-BB3D-81E80E964C9B}.Release|Any CPU.ActiveCfg = Release|Any CPU
		{5A782389-2EFC-4A1B-BB3D-81E80E964C9B}.Release|Any CPU.Build.0 = Release|Any CPU
	EndGlobalSection
	GlobalSection(SolutionProperties) = preSolution
		HideSolutionNode = FALSE
	EndGlobalSection
	GlobalSection(ExtensibilityGlobals) = postSolution
		SolutionGuid = {FF9C3575-6C7F-405D-9B98-4A3444066CDE}
	EndGlobalSection
EndGlobal
