
Microsoft Visual Studio Solution File, Format Version 12.00
# Visual Studio Version 17
VisualStudioVersion = 17.4.33103.184
MinimumVisualStudioVersion = 10.0.40219.1
Project("{FAE04EC0-301F-11D3-BF4B-00C04F79EFBC}") = "ExtremelyBasic - 1001", "ExtremelyBasic - 1001\ExtremelyBasic - 1001.csproj", "{62BEBA03-E86E-42AA-AEA2-827870BFFB0E}"
EndProject
Global
	GlobalSection(SolutionConfigurationPlatforms) = preSolution
		Debug|Any CPU = Debug|Any CPU
		Release|Any CPU = Release|Any CPU
	EndGlobalSection
	GlobalSection(ProjectConfigurationPlatforms) = postSolution
		{62BEBA03-E86E-42AA-AEA2-827870BFFB0E}.Debug|Any CPU.ActiveCfg = Debug|Any CPU
		{62BEBA03-E86E-42AA-AEA2-827870BFFB0E}.Debug|Any CPU.Build.0 = Debug|Any CPU
		{62BEBA03-E86E-42AA-AEA2-827870BFFB0E}.Release|Any CPU.ActiveCfg = Release|Any CPU
		{62BEBA03-E86E-42AA-AEA2-827870BFFB0E}.Release|Any CPU.Build.0 = Release|Any CPU
	EndGlobalSection
	GlobalSection(SolutionProperties) = preSolution
		HideSolutionNode = FALSE
	EndGlobalSection
	GlobalSection(ExtensibilityGlobals) = postSolution
		SolutionGuid = {66E49720-4CFA-47DF-8ADB-9B7A485C3C89}
	EndGlobalSection
EndGlobal
