
Microsoft Visual Studio Solution File, Format Version 12.00
# Visual Studio Version 17
VisualStudioVersion = 17.4.33103.184
MinimumVisualStudioVersion = 10.0.40219.1
Project("{FAE04EC0-301F-11D3-BF4B-00C04F79EFBC}") = "PositiveNumbers_1060", "PositiveNumbers_1060\PositiveNumbers_1060.csproj", "{0E47196B-D785-4EAF-8C06-D0C7C6902DBD}"
EndProject
Global
	GlobalSection(SolutionConfigurationPlatforms) = preSolution
		Debug|Any CPU = Debug|Any CPU
		Release|Any CPU = Release|Any CPU
	EndGlobalSection
	GlobalSection(ProjectConfigurationPlatforms) = postSolution
		{0E47196B-D785-4EAF-8C06-D0C7C6902DBD}.Debug|Any CPU.ActiveCfg = Debug|Any CPU
		{0E47196B-D785-4EAF-8C06-D0C7C6902DBD}.Debug|Any CPU.Build.0 = Debug|Any CPU
		{0E47196B-D785-4EAF-8C06-D0C7C6902DBD}.Release|Any CPU.ActiveCfg = Release|Any CPU
		{0E47196B-D785-4EAF-8C06-D0C7C6902DBD}.Release|Any CPU.Build.0 = Release|Any CPU
	EndGlobalSection
	GlobalSection(SolutionProperties) = preSolution
		HideSolutionNode = FALSE
	EndGlobalSection
	GlobalSection(ExtensibilityGlobals) = postSolution
		SolutionGuid = {75BE1B79-3511-497A-9E72-7623C665449B}
	EndGlobalSection
EndGlobal
