
Microsoft Visual Studio Solution File, Format Version 12.00
# Visual Studio Version 17
VisualStudioVersion = 17.4.33103.184
MinimumVisualStudioVersion = 10.0.40219.1
Project("{FAE04EC0-301F-11D3-BF4B-00C04F79EFBC}") = "FuelSpent - 1017", "FuelSpent - 1017\FuelSpent - 1017.csproj", "{557810F7-0E47-4BDA-84CE-1E6D14C3A2EB}"
EndProject
Global
	GlobalSection(SolutionConfigurationPlatforms) = preSolution
		Debug|Any CPU = Debug|Any CPU
		Release|Any CPU = Release|Any CPU
	EndGlobalSection
	GlobalSection(ProjectConfigurationPlatforms) = postSolution
		{557810F7-0E47-4BDA-84CE-1E6D14C3A2EB}.Debug|Any CPU.ActiveCfg = Debug|Any CPU
		{557810F7-0E47-4BDA-84CE-1E6D14C3A2EB}.Debug|Any CPU.Build.0 = Debug|Any CPU
		{557810F7-0E47-4BDA-84CE-1E6D14C3A2EB}.Release|Any CPU.ActiveCfg = Release|Any CPU
		{557810F7-0E47-4BDA-84CE-1E6D14C3A2EB}.Release|Any CPU.Build.0 = Release|Any CPU
	EndGlobalSection
	GlobalSection(SolutionProperties) = preSolution
		HideSolutionNode = FALSE
	EndGlobalSection
	GlobalSection(ExtensibilityGlobals) = postSolution
		SolutionGuid = {65C5AA8A-57AF-4422-AC1F-B4ED7C9241E0}
	EndGlobalSection
EndGlobal
