
Microsoft Visual Studio Solution File, Format Version 12.00
# Visual Studio Version 17
VisualStudioVersion = 17.4.33103.184
MinimumVisualStudioVersion = 10.0.40219.1
Project("{FAE04EC0-301F-11D3-BF4B-00C04F79EFBC}") = "SumOfConsecutiveOddNumbers_1071", "SumOfConsecutiveOddNumbers_1071\SumOfConsecutiveOddNumbers_1071.csproj", "{C147DCFB-D03F-48E9-912A-5A111105BF88}"
EndProject
Global
	GlobalSection(SolutionConfigurationPlatforms) = preSolution
		Debug|Any CPU = Debug|Any CPU
		Release|Any CPU = Release|Any CPU
	EndGlobalSection
	GlobalSection(ProjectConfigurationPlatforms) = postSolution
		{C147DCFB-D03F-48E9-912A-5A111105BF88}.Debug|Any CPU.ActiveCfg = Debug|Any CPU
		{C147DCFB-D03F-48E9-912A-5A111105BF88}.Debug|Any CPU.Build.0 = Debug|Any CPU
		{C147DCFB-D03F-48E9-912A-5A111105BF88}.Release|Any CPU.ActiveCfg = Release|Any CPU
		{C147DCFB-D03F-48E9-912A-5A111105BF88}.Release|Any CPU.Build.0 = Release|Any CPU
	EndGlobalSection
	GlobalSection(SolutionProperties) = preSolution
		HideSolutionNode = FALSE
	EndGlobalSection
	GlobalSection(ExtensibilityGlobals) = postSolution
		SolutionGuid = {6CE1A0A5-3C3B-4134-BBFE-614A4F580C28}
	EndGlobalSection
EndGlobal
