
Microsoft Visual Studio Solution File, Format Version 12.00
# Visual Studio Version 17
VisualStudioVersion = 17.4.33103.184
MinimumVisualStudioVersion = 10.0.40219.1
Project("{FAE04EC0-301F-11D3-BF4B-00C04F79EFBC}") = "SequênciadeNúmeroseSoma_1101", "SequênciadeNúmeroseSoma_1101\SequênciadeNúmeroseSoma_1101.csproj", "{5A3E4326-0315-41BF-9AB2-07D4AC0878B7}"
EndProject
Global
	GlobalSection(SolutionConfigurationPlatforms) = preSolution
		Debug|Any CPU = Debug|Any CPU
		Release|Any CPU = Release|Any CPU
	EndGlobalSection
	GlobalSection(ProjectConfigurationPlatforms) = postSolution
		{5A3E4326-0315-41BF-9AB2-07D4AC0878B7}.Debug|Any CPU.ActiveCfg = Debug|Any CPU
		{5A3E4326-0315-41BF-9AB2-07D4AC0878B7}.Debug|Any CPU.Build.0 = Debug|Any CPU
		{5A3E4326-0315-41BF-9AB2-07D4AC0878B7}.Release|Any CPU.ActiveCfg = Release|Any CPU
		{5A3E4326-0315-41BF-9AB2-07D4AC0878B7}.Release|Any CPU.Build.0 = Release|Any CPU
	EndGlobalSection
	GlobalSection(SolutionProperties) = preSolution
		HideSolutionNode = FALSE
	EndGlobalSection
	GlobalSection(ExtensibilityGlobals) = postSolution
		SolutionGuid = {3E80AFB8-DB21-4263-B491-85F01F31C4B5}
	EndGlobalSection
EndGlobal
