
Microsoft Visual Studio Solution File, Format Version 12.00
# Visual Studio Version 17
VisualStudioVersion = 17.4.33103.184
MinimumVisualStudioVersion = 10.0.40219.1
Project("{FAE04EC0-301F-11D3-BF4B-00C04F79EFBC}") = "SequenceIJ3_1097", "SequenceIJ3_1097\SequenceIJ3_1097.csproj", "{D89453F1-F663-453B-9FFF-31D56CA85F8B}"
EndProject
Global
	GlobalSection(SolutionConfigurationPlatforms) = preSolution
		Debug|Any CPU = Debug|Any CPU
		Release|Any CPU = Release|Any CPU
	EndGlobalSection
	GlobalSection(ProjectConfigurationPlatforms) = postSolution
		{D89453F1-F663-453B-9FFF-31D56CA85F8B}.Debug|Any CPU.ActiveCfg = Debug|Any CPU
		{D89453F1-F663-453B-9FFF-31D56CA85F8B}.Debug|Any CPU.Build.0 = Debug|Any CPU
		{D89453F1-F663-453B-9FFF-31D56CA85F8B}.Release|Any CPU.ActiveCfg = Release|Any CPU
		{D89453F1-F663-453B-9FFF-31D56CA85F8B}.Release|Any CPU.Build.0 = Release|Any CPU
	EndGlobalSection
	GlobalSection(SolutionProperties) = preSolution
		HideSolutionNode = FALSE
	EndGlobalSection
	GlobalSection(ExtensibilityGlobals) = postSolution
		SolutionGuid = {1C673B60-5611-42EC-9CAE-A555305E8817}
	EndGlobalSection
EndGlobal
