
Microsoft Visual Studio Solution File, Format Version 12.00
# Visual Studio Version 17
VisualStudioVersion = 17.4.33103.184
MinimumVisualStudioVersion = 10.0.40219.1
Project("{FAE04EC0-301F-11D3-BF4B-00C04F79EFBC}") = "ValidacaoDeNotas_1117", "ValidacaoDeNotas_1117\ValidacaoDeNotas_1117.csproj", "{385008F8-98B7-494C-B030-7F875F858C14}"
EndProject
Global
	GlobalSection(SolutionConfigurationPlatforms) = preSolution
		Debug|Any CPU = Debug|Any CPU
		Release|Any CPU = Release|Any CPU
	EndGlobalSection
	GlobalSection(ProjectConfigurationPlatforms) = postSolution
		{385008F8-98B7-494C-B030-7F875F858C14}.Debug|Any CPU.ActiveCfg = Debug|Any CPU
		{385008F8-98B7-494C-B030-7F875F858C14}.Debug|Any CPU.Build.0 = Debug|Any CPU
		{385008F8-98B7-494C-B030-7F875F858C14}.Release|Any CPU.ActiveCfg = Release|Any CPU
		{385008F8-98B7-494C-B030-7F875F858C14}.Release|Any CPU.Build.0 = Release|Any CPU
	EndGlobalSection
	GlobalSection(SolutionProperties) = preSolution
		HideSolutionNode = FALSE
	EndGlobalSection
	GlobalSection(ExtensibilityGlobals) = postSolution
		SolutionGuid = {88C327F2-5614-4D08-86D3-FFA72039D3E9}
	EndGlobalSection
EndGlobal
