
Microsoft Visual Studio Solution File, Format Version 12.00
# Visual Studio Version 17
VisualStudioVersion = 17.4.33103.184
MinimumVisualStudioVersion = 10.0.40219.1
Project("{FAE04EC0-301F-11D3-BF4B-00C04F79EFBC}") = "Taxes_1051", "Taxes_1051\Taxes_1051.csproj", "{9109C30E-2BC9-46C4-9564-F16A8BB5C88E}"
EndProject
Global
	GlobalSection(SolutionConfigurationPlatforms) = preSolution
		Debug|Any CPU = Debug|Any CPU
		Release|Any CPU = Release|Any CPU
	EndGlobalSection
	GlobalSection(ProjectConfigurationPlatforms) = postSolution
		{9109C30E-2BC9-46C4-9564-F16A8BB5C88E}.Debug|Any CPU.ActiveCfg = Debug|Any CPU
		{9109C30E-2BC9-46C4-9564-F16A8BB5C88E}.Debug|Any CPU.Build.0 = Debug|Any CPU
		{9109C30E-2BC9-46C4-9564-F16A8BB5C88E}.Release|Any CPU.ActiveCfg = Release|Any CPU
		{9109C30E-2BC9-46C4-9564-F16A8BB5C88E}.Release|Any CPU.Build.0 = Release|Any CPU
	EndGlobalSection
	GlobalSection(SolutionProperties) = preSolution
		HideSolutionNode = FALSE
	EndGlobalSection
	GlobalSection(ExtensibilityGlobals) = postSolution
		SolutionGuid = {E18E979C-A9B3-4DA5-AA66-9124F55D4788}
	EndGlobalSection
EndGlobal
