
Microsoft Visual Studio Solution File, Format Version 12.00
# Visual Studio Version 17
VisualStudioVersion = 17.4.33103.184
MinimumVisualStudioVersion = 10.0.40219.1
Project("{FAE04EC0-301F-11D3-BF4B-00C04F79EFBC}") = "Difference - 1007", "Difference - 1007\Difference - 1007.csproj", "{65DE5D79-1564-4A0E-8CB6-226B677CD687}"
EndProject
Global
	GlobalSection(SolutionConfigurationPlatforms) = preSolution
		Debug|Any CPU = Debug|Any CPU
		Release|Any CPU = Release|Any CPU
	EndGlobalSection
	GlobalSection(ProjectConfigurationPlatforms) = postSolution
		{65DE5D79-1564-4A0E-8CB6-226B677CD687}.Debug|Any CPU.ActiveCfg = Debug|Any CPU
		{65DE5D79-1564-4A0E-8CB6-226B677CD687}.Debug|Any CPU.Build.0 = Debug|Any CPU
		{65DE5D79-1564-4A0E-8CB6-226B677CD687}.Release|Any CPU.ActiveCfg = Release|Any CPU
		{65DE5D79-1564-4A0E-8CB6-226B677CD687}.Release|Any CPU.Build.0 = Release|Any CPU
	EndGlobalSection
	GlobalSection(SolutionProperties) = preSolution
		HideSolutionNode = FALSE
	EndGlobalSection
	GlobalSection(ExtensibilityGlobals) = postSolution
		SolutionGuid = {AD533389-C0D3-4D06-B72A-E951793195E0}
	EndGlobalSection
EndGlobal
