
Microsoft Visual Studio Solution File, Format Version 12.00
# Visual Studio Version 17
VisualStudioVersion = 17.4.33103.184
MinimumVisualStudioVersion = 10.0.40219.1
Project("{FAE04EC0-301F-11D3-BF4B-00C04F79EFBC}") = "Animal_1049", "Animal_1049\Animal_1049.csproj", "{09C6BE30-988C-42F6-B1C8-3E2948B3D195}"
EndProject
Global
	GlobalSection(SolutionConfigurationPlatforms) = preSolution
		Debug|Any CPU = Debug|Any CPU
		Release|Any CPU = Release|Any CPU
	EndGlobalSection
	GlobalSection(ProjectConfigurationPlatforms) = postSolution
		{09C6BE30-988C-42F6-B1C8-3E2948B3D195}.Debug|Any CPU.ActiveCfg = Debug|Any CPU
		{09C6BE30-988C-42F6-B1C8-3E2948B3D195}.Debug|Any CPU.Build.0 = Debug|Any CPU
		{09C6BE30-988C-42F6-B1C8-3E2948B3D195}.Release|Any CPU.ActiveCfg = Release|Any CPU
		{09C6BE30-988C-42F6-B1C8-3E2948B3D195}.Release|Any CPU.Build.0 = Release|Any CPU
	EndGlobalSection
	GlobalSection(SolutionProperties) = preSolution
		HideSolutionNode = FALSE
	EndGlobalSection
	GlobalSection(ExtensibilityGlobals) = postSolution
		SolutionGuid = {4077D46E-25CE-4CE0-AED4-A333E52C7795}
	EndGlobalSection
EndGlobal
