
Microsoft Visual Studio Solution File, Format Version 12.00
# Visual Studio Version 17
VisualStudioVersion = 17.4.33103.184
MinimumVisualStudioVersion = 10.0.40219.1
Project("{FAE04EC0-301F-11D3-BF4B-00C04F79EFBC}") = "PositivesAndAverage_1064", "PositivesAndAverage_1064\PositivesAndAverage_1064.csproj", "{4517FC1A-D8A0-4D03-91EA-57D71266C7C4}"
EndProject
Global
	GlobalSection(SolutionConfigurationPlatforms) = preSolution
		Debug|Any CPU = Debug|Any CPU
		Release|Any CPU = Release|Any CPU
	EndGlobalSection
	GlobalSection(ProjectConfigurationPlatforms) = postSolution
		{4517FC1A-D8A0-4D03-91EA-57D71266C7C4}.Debug|Any CPU.ActiveCfg = Debug|Any CPU
		{4517FC1A-D8A0-4D03-91EA-57D71266C7C4}.Debug|Any CPU.Build.0 = Debug|Any CPU
		{4517FC1A-D8A0-4D03-91EA-57D71266C7C4}.Release|Any CPU.ActiveCfg = Release|Any CPU
		{4517FC1A-D8A0-4D03-91EA-57D71266C7C4}.Release|Any CPU.Build.0 = Release|Any CPU
	EndGlobalSection
	GlobalSection(SolutionProperties) = preSolution
		HideSolutionNode = FALSE
	EndGlobalSection
	GlobalSection(ExtensibilityGlobals) = postSolution
		SolutionGuid = {BED5999B-B5C8-4287-9DEF-4644F3208843}
	EndGlobalSection
EndGlobal
